
Microsoft Visual Studio Solution File, Format Version 12.00
# Visual Studio 2017
Project("{FAE04EC0-301F-11D3-BF4B-00C04F79EFBC}") = "Razetki", "Razetki.csproj", "{DD8DBAA8-1CFC-7226-8CAD-4337BC9F4424}"
EndProject
Project("{FAE04EC0-301F-11D3-BF4B-00C04F79EFBC}") = "Razetki.Editor", "Razetki.Editor.csproj", "{4C409734-6442-E90E-ED79-7CFF15202DB8}"
EndProject
Global
	GlobalSection(SolutionConfigurationPlatforms) = preSolution
		Debug|Any CPU = Debug|Any CPU
		Release|Any CPU = Release|Any CPU
	EndGlobalSection
	GlobalSection(ProjectConfigurationPlatforms) = postSolution
		{DD8DBAA8-1CFC-7226-8CAD-4337BC9F4424}.Debug|Any CPU.ActiveCfg = Debug|Any CPU
		{DD8DBAA8-1CFC-7226-8CAD-4337BC9F4424}.Debug|Any CPU.Build.0 = Debug|Any CPU
		{DD8DBAA8-1CFC-7226-8CAD-4337BC9F4424}.Release|Any CPU.ActiveCfg = Release|Any CPU
		{DD8DBAA8-1CFC-7226-8CAD-4337BC9F4424}.Release|Any CPU.Build.0 = Release|Any CPU
		{4C409734-6442-E90E-ED79-7CFF15202DB8}.Debug|Any CPU.ActiveCfg = Debug|Any CPU
		{4C409734-6442-E90E-ED79-7CFF15202DB8}.Debug|Any CPU.Build.0 = Debug|Any CPU
		{4C409734-6442-E90E-ED79-7CFF15202DB8}.Release|Any CPU.ActiveCfg = Release|Any CPU
		{4C409734-6442-E90E-ED79-7CFF15202DB8}.Release|Any CPU.Build.0 = Release|Any CPU
	EndGlobalSection
	GlobalSection(SolutionProperties) = preSolution
		HideSolutionNode = FALSE
	EndGlobalSection
EndGlobal
